<?xml version="1.0" encoding="utf-8"?>
<Project ToolsVersion="4.0" xmlns="http://schemas.microsoft.com/developer/msbuild/2003">
  <ItemGroup>
    <Filter Include="Исходные файлы">
      <UniqueIdentifier>{4FC737F1-C7A5-4376-A066-2A32D752A2FF}</UniqueIdentifier>
      <Extensions>cpp;c;cc;cxx;c++;cppm;ixx;def;odl;idl;hpj;bat;asm;asmx</Extensions>
    </Filter>
    <Filter Include="Файлы заголовков">
      <UniqueIdentifier>{93995380-89BD-4b04-88EB-625FBE52EBFB}</UniqueIdentifier>
      <Extensions>h;hh;hpp;hxx;h++;hm;inl;inc;ipp;xsd</Extensions>
    </Filter>
    <Filter Include="Файлы ресурсов">
      <UniqueIdentifier>{67DA6AB6-F800-4c08-8B7A-83BB121AAD01}</UniqueIdentifier>
      <Extensions>rc;ico;cur;bmp;dlg;rc2;rct;bin;rgs;gif;jpg;jpeg;jpe;resx;tiff;tif;png;wav;mfcribbon-ms</Extensions>
    </Filter>
    <Filter Include="Исходные файлы\sha256">
      <UniqueIdentifier>{4d784e60-d044-4835-b923-d31cf4a3c7fa}</UniqueIdentifier>
    </Filter>
    <Filter Include="Файлы заголовков\sha256">
      <UniqueIdentifier>{db699435-ab9a-4f6a-9250-dc1c8cdad04c}</UniqueIdentifier>
    </Filter>
  </ItemGroup>
  <ItemGroup>
    <ClCompile Include="Signature.cpp">
      <Filter>Исходные файлы</Filter>
    </ClCompile>
    <ClCompile Include="md5.cpp">
      <Filter>Исходные файлы</Filter>
    </ClCompile>
    <ClCompile Include="sha256\hkdf_sha256_32.cpp">
      <Filter>Исходные файлы\sha256</Filter>
    </ClCompile>
    <ClCompile Include="sha256\hmac_sha256.cpp">
      <Filter>Исходные файлы\sha256</Filter>
    </ClCompile>
    <ClCompile Include="sha256\hmac_sha512.cpp">
      <Filter>Исходные файлы\sha256</Filter>
    </ClCompile>
    <ClCompile Include="sha256\sha256.cpp">
      <Filter>Исходные файлы\sha256</Filter>
    </ClCompile>
    <ClCompile Include="sha256\sha256_avx2.cpp">
      <Filter>Исходные файлы\sha256</Filter>
    </ClCompile>
    <ClCompile Include="sha256\sha256_shani.cpp">
      <Filter>Исходные файлы\sha256</Filter>
    </ClCompile>
    <ClCompile Include="sha256\sha256_sse4.cpp">
      <Filter>Исходные файлы\sha256</Filter>
    </ClCompile>
    <ClCompile Include="sha256\sha256_sse41.cpp">
      <Filter>Исходные файлы\sha256</Filter>
    </ClCompile>
    <ClCompile Include="sha256\sha512.cpp">
      <Filter>Исходные файлы\sha256</Filter>
    </ClCompile>
  </ItemGroup>
  <ItemGroup>
    <ClInclude Include="md5.h">
      <Filter>Файлы заголовков</Filter>
    </ClInclude>
    <ClInclude Include="sha256\common.h">
      <Filter>Файлы заголовков\sha256</Filter>
    </ClInclude>
    <ClInclude Include="sha256\endian.h">
      <Filter>Файлы заголовков\sha256</Filter>
    </ClInclude>
    <ClInclude Include="sha256\hkdf_sha256_32.h">
      <Filter>Файлы заголовков\sha256</Filter>
    </ClInclude>
    <ClInclude Include="sha256\hmac_sha256.h">
      <Filter>Файлы заголовков\sha256</Filter>
    </ClInclude>
    <ClInclude Include="sha256\hmac_sha512.h">
      <Filter>Файлы заголовков\sha256</Filter>
    </ClInclude>
    <ClInclude Include="sha256\sha256.h">
      <Filter>Файлы заголовков\sha256</Filter>
    </ClInclude>
    <ClInclude Include="sha256\sha512.h">
      <Filter>Файлы заголовков\sha256</Filter>
    </ClInclude>
  </ItemGroup>
</Project>